
Microsoft Visual Studio Solution File, Format Version 12.00
# Visual Studio Version 16
VisualStudioVersion = 16.0.30611.23
MinimumVisualStudioVersion = 10.0.40219.1
Project("{FAE04EC0-301F-11D3-BF4B-00C04F79EFBC}") = "TestWPF", "TestWPF\TestWPF.csproj", "{7614E35F-1403-4DD7-8078-7D245146405C}"
EndProject
Global
	GlobalSection(SolutionConfigurationPlatforms) = preSolution
		Debug|Any CPU = Debug|Any CPU
		Release|Any CPU = Release|Any CPU
	EndGlobalSection
	GlobalSection(ProjectConfigurationPlatforms) = postSolution
		{7614E35F-1403-4DD7-8078-7D245146405C}.Debug|Any CPU.ActiveCfg = Debug|Any CPU
		{7614E35F-1403-4DD7-8078-7D245146405C}.Debug|Any CPU.Build.0 = Debug|Any CPU
		{7614E35F-1403-4DD7-8078-7D245146405C}.Release|Any CPU.ActiveCfg = Release|Any CPU
		{7614E35F-1403-4DD7-8078-7D245146405C}.Release|Any CPU.Build.0 = Release|Any CPU
	EndGlobalSection
	GlobalSection(SolutionProperties) = preSolution
		HideSolutionNode = FALSE
	EndGlobalSection
	GlobalSection(ExtensibilityGlobals) = postSolution
		SolutionGuid = {E56EE9DC-04D8-43D6-B64B-271D6AB7C498}
	EndGlobalSection
EndGlobal
