
Microsoft Visual Studio Solution File, Format Version 12.00
# Visual Studio Version 16
VisualStudioVersion = 16.0.31129.286
MinimumVisualStudioVersion = 10.0.40219.1
Project("{FAE04EC0-301F-11D3-BF4B-00C04F79EFBC}") = "FacultyInfSystemForms", "FacultyInfSystemForms\FacultyInfSystemForms.csproj", "{1EB44C2B-B9F5-4A3F-B15A-61BDD6545B10}"
EndProject
Project("{FAE04EC0-301F-11D3-BF4B-00C04F79EFBC}") = "FacultyISBackend", "FacultyISBackend\FacultyISBackend.csproj", "{0269A840-7EFC-4578-B87B-D2C15F7C5EBC}"
EndProject
Global
	GlobalSection(SolutionConfigurationPlatforms) = preSolution
		Debug|Any CPU = Debug|Any CPU
		Release|Any CPU = Release|Any CPU
	EndGlobalSection
	GlobalSection(ProjectConfigurationPlatforms) = postSolution
		{1EB44C2B-B9F5-4A3F-B15A-61BDD6545B10}.Debug|Any CPU.ActiveCfg = Debug|Any CPU
		{1EB44C2B-B9F5-4A3F-B15A-61BDD6545B10}.Debug|Any CPU.Build.0 = Debug|Any CPU
		{1EB44C2B-B9F5-4A3F-B15A-61BDD6545B10}.Release|Any CPU.ActiveCfg = Release|Any CPU
		{1EB44C2B-B9F5-4A3F-B15A-61BDD6545B10}.Release|Any CPU.Build.0 = Release|Any CPU
		{0269A840-7EFC-4578-B87B-D2C15F7C5EBC}.Debug|Any CPU.ActiveCfg = Debug|Any CPU
		{0269A840-7EFC-4578-B87B-D2C15F7C5EBC}.Debug|Any CPU.Build.0 = Debug|Any CPU
		{0269A840-7EFC-4578-B87B-D2C15F7C5EBC}.Release|Any CPU.ActiveCfg = Release|Any CPU
		{0269A840-7EFC-4578-B87B-D2C15F7C5EBC}.Release|Any CPU.Build.0 = Release|Any CPU
	EndGlobalSection
	GlobalSection(SolutionProperties) = preSolution
		HideSolutionNode = FALSE
	EndGlobalSection
	GlobalSection(ExtensibilityGlobals) = postSolution
		SolutionGuid = {7405F1C4-5415-4274-925C-9814821EAF13}
	EndGlobalSection
EndGlobal
