
Microsoft Visual Studio Solution File, Format Version 12.00
# Visual Studio Version 16
VisualStudioVersion = 16.0.31205.134
MinimumVisualStudioVersion = 10.0.40219.1
Project("{FAE04EC0-301F-11D3-BF4B-00C04F79EFBC}") = "MilitaryDistrictAPI", "MilitaryDistrictAPI\MilitaryDistrictAPI.csproj", "{02C7BA45-C1FD-4E92-B059-CD23C16826D6}"
EndProject
Global
	GlobalSection(SolutionConfigurationPlatforms) = preSolution
		Debug|Any CPU = Debug|Any CPU
		Release|Any CPU = Release|Any CPU
	EndGlobalSection
	GlobalSection(ProjectConfigurationPlatforms) = postSolution
		{02C7BA45-C1FD-4E92-B059-CD23C16826D6}.Debug|Any CPU.ActiveCfg = Debug|Any CPU
		{02C7BA45-C1FD-4E92-B059-CD23C16826D6}.Debug|Any CPU.Build.0 = Debug|Any CPU
		{02C7BA45-C1FD-4E92-B059-CD23C16826D6}.Release|Any CPU.ActiveCfg = Release|Any CPU
		{02C7BA45-C1FD-4E92-B059-CD23C16826D6}.Release|Any CPU.Build.0 = Release|Any CPU
	EndGlobalSection
	GlobalSection(SolutionProperties) = preSolution
		HideSolutionNode = FALSE
	EndGlobalSection
	GlobalSection(ExtensibilityGlobals) = postSolution
		SolutionGuid = {4A60F1D4-240E-4D2B-89F1-AFD5464CCDB5}
	EndGlobalSection
EndGlobal
