
Microsoft Visual Studio Solution File, Format Version 12.00
# Visual Studio Version 16
VisualStudioVersion = 16.0.30611.23
MinimumVisualStudioVersion = 10.0.40219.1
Project("{9A19103F-16F7-4668-BE54-9A1E7A4F7556}") = "LR10", "LR10\LR10.csproj", "{B95AFF9A-2EF1-4BDD-AC41-271D8A570B9E}"
EndProject
Project("{FAE04EC0-301F-11D3-BF4B-00C04F79EFBC}") = "LR10_2", "LR10_2\LR10_2.csproj", "{76C6F006-3C3F-4039-B49F-E543C89D7E67}"
EndProject
Project("{FAE04EC0-301F-11D3-BF4B-00C04F79EFBC}") = "LR10_3", "LR10_3\LR10_3.csproj", "{3A3DB0E5-D2F8-40F3-8F76-76C2C0BFC69B}"
EndProject
Global
	GlobalSection(SolutionConfigurationPlatforms) = preSolution
		Debug|Any CPU = Debug|Any CPU
		Release|Any CPU = Release|Any CPU
	EndGlobalSection
	GlobalSection(ProjectConfigurationPlatforms) = postSolution
		{B95AFF9A-2EF1-4BDD-AC41-271D8A570B9E}.Debug|Any CPU.ActiveCfg = Debug|Any CPU
		{B95AFF9A-2EF1-4BDD-AC41-271D8A570B9E}.Debug|Any CPU.Build.0 = Debug|Any CPU
		{B95AFF9A-2EF1-4BDD-AC41-271D8A570B9E}.Release|Any CPU.ActiveCfg = Release|Any CPU
		{B95AFF9A-2EF1-4BDD-AC41-271D8A570B9E}.Release|Any CPU.Build.0 = Release|Any CPU
		{76C6F006-3C3F-4039-B49F-E543C89D7E67}.Debug|Any CPU.ActiveCfg = Debug|Any CPU
		{76C6F006-3C3F-4039-B49F-E543C89D7E67}.Debug|Any CPU.Build.0 = Debug|Any CPU
		{76C6F006-3C3F-4039-B49F-E543C89D7E67}.Release|Any CPU.ActiveCfg = Release|Any CPU
		{76C6F006-3C3F-4039-B49F-E543C89D7E67}.Release|Any CPU.Build.0 = Release|Any CPU
		{3A3DB0E5-D2F8-40F3-8F76-76C2C0BFC69B}.Debug|Any CPU.ActiveCfg = Debug|Any CPU
		{3A3DB0E5-D2F8-40F3-8F76-76C2C0BFC69B}.Debug|Any CPU.Build.0 = Debug|Any CPU
		{3A3DB0E5-D2F8-40F3-8F76-76C2C0BFC69B}.Release|Any CPU.ActiveCfg = Release|Any CPU
		{3A3DB0E5-D2F8-40F3-8F76-76C2C0BFC69B}.Release|Any CPU.Build.0 = Release|Any CPU
	EndGlobalSection
	GlobalSection(SolutionProperties) = preSolution
		HideSolutionNode = FALSE
	EndGlobalSection
	GlobalSection(ExtensibilityGlobals) = postSolution
		SolutionGuid = {A0738ACA-B5F5-427C-B34A-6560158FA54E}
	EndGlobalSection
EndGlobal
