
Microsoft Visual Studio Solution File, Format Version 12.00
# Visual Studio Version 16
VisualStudioVersion = 16.0.30611.23
MinimumVisualStudioVersion = 10.0.40219.1
Project("{FAE04EC0-301F-11D3-BF4B-00C04F79EFBC}") = "LR8", "LR8\LR8.csproj", "{BFA77FBE-2FE7-4A2C-A291-E6FA47DDEC57}"
EndProject
Project("{FAE04EC0-301F-11D3-BF4B-00C04F79EFBC}") = "LR8_Forms", "LR8_Forms\LR8_Forms.csproj", "{1FB35687-183E-4159-AFBD-D55110976222}"
EndProject
Global
	GlobalSection(SolutionConfigurationPlatforms) = preSolution
		Debug|Any CPU = Debug|Any CPU
		Release|Any CPU = Release|Any CPU
	EndGlobalSection
	GlobalSection(ProjectConfigurationPlatforms) = postSolution
		{BFA77FBE-2FE7-4A2C-A291-E6FA47DDEC57}.Debug|Any CPU.ActiveCfg = Debug|Any CPU
		{BFA77FBE-2FE7-4A2C-A291-E6FA47DDEC57}.Debug|Any CPU.Build.0 = Debug|Any CPU
		{BFA77FBE-2FE7-4A2C-A291-E6FA47DDEC57}.Release|Any CPU.ActiveCfg = Release|Any CPU
		{BFA77FBE-2FE7-4A2C-A291-E6FA47DDEC57}.Release|Any CPU.Build.0 = Release|Any CPU
		{1FB35687-183E-4159-AFBD-D55110976222}.Debug|Any CPU.ActiveCfg = Debug|Any CPU
		{1FB35687-183E-4159-AFBD-D55110976222}.Debug|Any CPU.Build.0 = Debug|Any CPU
		{1FB35687-183E-4159-AFBD-D55110976222}.Release|Any CPU.ActiveCfg = Release|Any CPU
		{1FB35687-183E-4159-AFBD-D55110976222}.Release|Any CPU.Build.0 = Release|Any CPU
	EndGlobalSection
	GlobalSection(SolutionProperties) = preSolution
		HideSolutionNode = FALSE
	EndGlobalSection
	GlobalSection(ExtensibilityGlobals) = postSolution
		SolutionGuid = {6889A46A-E805-416B-8DE6-295E54E4E462}
	EndGlobalSection
EndGlobal
