
Microsoft Visual Studio Solution File, Format Version 12.00
# Visual Studio Version 16
VisualStudioVersion = 16.0.31105.61
MinimumVisualStudioVersion = 10.0.40219.1
Project("{9A19103F-16F7-4668-BE54-9A1E7A4F7556}") = "LR_Threads", "LR_Threads\LR_Threads.csproj", "{CBA2DFB2-8ABC-46E1-9BF7-88F214A1D255}"
EndProject
Project("{9A19103F-16F7-4668-BE54-9A1E7A4F7556}") = "WindowsForms", "WindowsForms\WindowsForms.csproj", "{D7A69529-D004-4D46-AE2E-4A45DB457908}"
EndProject
Global
	GlobalSection(SolutionConfigurationPlatforms) = preSolution
		Debug|Any CPU = Debug|Any CPU
		Release|Any CPU = Release|Any CPU
	EndGlobalSection
	GlobalSection(ProjectConfigurationPlatforms) = postSolution
		{CBA2DFB2-8ABC-46E1-9BF7-88F214A1D255}.Debug|Any CPU.ActiveCfg = Debug|Any CPU
		{CBA2DFB2-8ABC-46E1-9BF7-88F214A1D255}.Debug|Any CPU.Build.0 = Debug|Any CPU
		{CBA2DFB2-8ABC-46E1-9BF7-88F214A1D255}.Release|Any CPU.ActiveCfg = Release|Any CPU
		{CBA2DFB2-8ABC-46E1-9BF7-88F214A1D255}.Release|Any CPU.Build.0 = Release|Any CPU
		{D7A69529-D004-4D46-AE2E-4A45DB457908}.Debug|Any CPU.ActiveCfg = Debug|Any CPU
		{D7A69529-D004-4D46-AE2E-4A45DB457908}.Debug|Any CPU.Build.0 = Debug|Any CPU
		{D7A69529-D004-4D46-AE2E-4A45DB457908}.Release|Any CPU.ActiveCfg = Release|Any CPU
		{D7A69529-D004-4D46-AE2E-4A45DB457908}.Release|Any CPU.Build.0 = Release|Any CPU
	EndGlobalSection
	GlobalSection(SolutionProperties) = preSolution
		HideSolutionNode = FALSE
	EndGlobalSection
	GlobalSection(ExtensibilityGlobals) = postSolution
		SolutionGuid = {2F4AFE37-65BD-4628-AD8D-1DC5C8097F74}
	EndGlobalSection
EndGlobal
